
Microsoft Visual Studio Solution File, Format Version 12.00
# Visual Studio Version 17
VisualStudioVersion = 17.8.34309.116
MinimumVisualStudioVersion = 10.0.40219.1
Project("{9A19103F-16F7-4668-BE54-9A1E7A4F7556}") = "Banga.API", "Banga.API\Banga.API.csproj", "{4BE822AB-A6D4-4479-BE07-F715FCB44E0D}"
EndProject
Project("{9A19103F-16F7-4668-BE54-9A1E7A4F7556}") = "Banga.Data", "Banga.Data\Banga.Data.csproj", "{20746AFB-074D-4741-80A4-DC905AA690DD}"
EndProject
Project("{FAE04EC0-301F-11D3-BF4B-00C04F79EFBC}") = "Banga.Logic", "Banga.Logic\Banga.Logic.csproj", "{687862CE-712F-466B-A6AD-B2359FE6E123}"
EndProject
Project("{FAE04EC0-301F-11D3-BF4B-00C04F79EFBC}") = "Banga.Domain", "Banga.Domain\Banga.Domain.csproj", "{613ECC75-A323-4179-82CF-686E8EE1BA03}"
EndProject
Global
	GlobalSection(SolutionConfigurationPlatforms) = preSolution
		Debug|Any CPU = Debug|Any CPU
		Release|Any CPU = Release|Any CPU
	EndGlobalSection
	GlobalSection(ProjectConfigurationPlatforms) = postSolution
		{4BE822AB-A6D4-4479-BE07-F715FCB44E0D}.Debug|Any CPU.ActiveCfg = Debug|Any CPU
		{4BE822AB-A6D4-4479-BE07-F715FCB44E0D}.Debug|Any CPU.Build.0 = Debug|Any CPU
		{4BE822AB-A6D4-4479-BE07-F715FCB44E0D}.Release|Any CPU.ActiveCfg = Release|Any CPU
		{4BE822AB-A6D4-4479-BE07-F715FCB44E0D}.Release|Any CPU.Build.0 = Release|Any CPU
		{20746AFB-074D-4741-80A4-DC905AA690DD}.Debug|Any CPU.ActiveCfg = Debug|Any CPU
		{20746AFB-074D-4741-80A4-DC905AA690DD}.Debug|Any CPU.Build.0 = Debug|Any CPU
		{20746AFB-074D-4741-80A4-DC905AA690DD}.Release|Any CPU.ActiveCfg = Release|Any CPU
		{20746AFB-074D-4741-80A4-DC905AA690DD}.Release|Any CPU.Build.0 = Release|Any CPU
		{687862CE-712F-466B-A6AD-B2359FE6E123}.Debug|Any CPU.ActiveCfg = Debug|Any CPU
		{687862CE-712F-466B-A6AD-B2359FE6E123}.Debug|Any CPU.Build.0 = Debug|Any CPU
		{687862CE-712F-466B-A6AD-B2359FE6E123}.Release|Any CPU.ActiveCfg = Release|Any CPU
		{687862CE-712F-466B-A6AD-B2359FE6E123}.Release|Any CPU.Build.0 = Release|Any CPU
		{613ECC75-A323-4179-82CF-686E8EE1BA03}.Debug|Any CPU.ActiveCfg = Debug|Any CPU
		{613ECC75-A323-4179-82CF-686E8EE1BA03}.Debug|Any CPU.Build.0 = Debug|Any CPU
		{613ECC75-A323-4179-82CF-686E8EE1BA03}.Release|Any CPU.ActiveCfg = Release|Any CPU
		{613ECC75-A323-4179-82CF-686E8EE1BA03}.Release|Any CPU.Build.0 = Release|Any CPU
	EndGlobalSection
	GlobalSection(SolutionProperties) = preSolution
		HideSolutionNode = FALSE
	EndGlobalSection
	GlobalSection(ExtensibilityGlobals) = postSolution
		SolutionGuid = {AC6236E7-4FE1-4012-B7CA-EE11BA9A316D}
	EndGlobalSection
EndGlobal
